{
  "name": "proyecto",
  "version": "1.0.0",
  "lockfileVersion": 3,
  "requires": true,
  "packages": {
    "": {
      "name": "proyecto",
      "version": "1.0.0",
      "license": "ISC",
      "dependencies": {
        "@daypilot/daypilot-lite-javascript": "^3.33.1"
      }
    },
    "node_modules/@daypilot/daypilot-lite-javascript": {
      "version": "3.33.1",
      "resolved": "https://registry.npmjs.org/@daypilot/daypilot-lite-javascript/-/daypilot-lite-javascript-3.33.1.tgz",
      "integrity": "sha512-z2ZdBlVwoh6J4s2958513sy2761CtgwszEr2fESUsCHvX7BsiRvd81/61ZR/TjrS4+kWDCB26u5RO+lolhmJSw==",
      "license": "Apache-2.0"
    }
  }
}
